platform=mac
host=Chungils-Mac-Studio
user=Chungil Chae
uuid=ADAB5F45-52A6-4953-B702-DBFEECDF8655
app=Scrivener
project_path=/Users/chadchae/Library/CloudStorage/Dropbox/Rproject/Project/0_Working/rp_Women Leadership Integrative Topicmodeling/Draft/02_Draft/_Scrivener/Draft.scriv
app_path=/Applications/Scrivener.app